<?xml version="1.0" encoding="utf-8"?>
<Project ToolsVersion="4.0" xmlns="http://schemas.microsoft.com/developer/msbuild/2003">
  <ItemGroup>
    <Filter Include="Engine">
      <UniqueIdentifier>{d117ba91-fe61-4641-a3a8-6b43ac6b41c9}</UniqueIdentifier>
    </Filter>
    <Filter Include="Engine\00. Header">
      <UniqueIdentifier>{24ce75c3-a39d-4f8e-bf64-764c1d384057}</UniqueIdentifier>
    </Filter>
    <Filter Include="Engine\01. Engine">
      <UniqueIdentifier>{6b75bd2e-522e-4153-b6e9-03eb470be294}</UniqueIdentifier>
    </Filter>
    <Filter Include="Engine\02. Manager">
      <UniqueIdentifier>{3d0cd855-4f00-42c1-bf6d-66213018a5e9}</UniqueIdentifier>
    </Filter>
    <Filter Include="Engine\04. Level">
      <UniqueIdentifier>{c9c47591-9bde-48bf-8dcf-73249e1bcfb3}</UniqueIdentifier>
    </Filter>
    <Filter Include="Game">
      <UniqueIdentifier>{ab3628de-ab27-40ac-98d6-4f4af6997299}</UniqueIdentifier>
    </Filter>
    <Filter Include="Game\GameObject">
      <UniqueIdentifier>{bd189b22-be30-4957-a93f-6bbf28a254fa}</UniqueIdentifier>
    </Filter>
    <Filter Include="Game\GameObject\Player">
      <UniqueIdentifier>{e0d8b454-e8bf-4816-a25d-7c1df115f6ff}</UniqueIdentifier>
    </Filter>
    <Filter Include="Engine\05. Component">
      <UniqueIdentifier>{b696acc6-0bc3-4962-94ff-9816637921a9}</UniqueIdentifier>
    </Filter>
    <Filter Include="Engine\05. Component\Collider">
      <UniqueIdentifier>{2b2f1c74-31e5-4cef-80cf-c00809dcdfff}</UniqueIdentifier>
    </Filter>
    <Filter Include="Engine\05. Component\Animator">
      <UniqueIdentifier>{0ae85e5e-c284-4f07-b065-4c3d79f028d9}</UniqueIdentifier>
    </Filter>
    <Filter Include="Game\GameObject\Monster">
      <UniqueIdentifier>{e4681763-04c2-4c84-9303-1d887a4fd232}</UniqueIdentifier>
    </Filter>
    <Filter Include="Engine\02. Manager\08. Camera">
      <UniqueIdentifier>{5135b921-4bc7-42c2-ad9a-d26508a28b32}</UniqueIdentifier>
    </Filter>
    <Filter Include="Engine\02. Manager\01. Key">
      <UniqueIdentifier>{f109ebee-6221-4b7d-aba7-911dcfca4226}</UniqueIdentifier>
    </Filter>
    <Filter Include="Engine\02. Manager\02. Time">
      <UniqueIdentifier>{9e807a8e-82a8-40e7-84e1-105d80141f86}</UniqueIdentifier>
    </Filter>
    <Filter Include="Engine\02. Manager\03. Level">
      <UniqueIdentifier>{9d4e0ba8-91b1-4ce2-884c-8d8508407206}</UniqueIdentifier>
    </Filter>
    <Filter Include="Engine\02. Manager\04. Collision">
      <UniqueIdentifier>{02d732b0-88ab-46f0-a938-74cefe2baeae}</UniqueIdentifier>
    </Filter>
    <Filter Include="Engine\02. Manager\05. Event">
      <UniqueIdentifier>{727215c2-e743-4b1b-aa81-080a168c01bf}</UniqueIdentifier>
    </Filter>
    <Filter Include="Engine\02. Manager\06. Path">
      <UniqueIdentifier>{ebfebf09-03ba-4d97-bf8d-7beab36ded7e}</UniqueIdentifier>
    </Filter>
    <Filter Include="Engine\02. Manager\07. Resource">
      <UniqueIdentifier>{adba2a72-d611-49e0-be07-463e71eb5110}</UniqueIdentifier>
    </Filter>
    <Filter Include="Game\GameObject\Missile">
      <UniqueIdentifier>{7ca0ce64-86f3-4a1a-ba32-baab7c7cd9f4}</UniqueIdentifier>
    </Filter>
    <Filter Include="Engine\05. Component\Rigidbody">
      <UniqueIdentifier>{cefb061e-cffc-420f-817a-6fa706f0d82d}</UniqueIdentifier>
    </Filter>
    <Filter Include="Game\Level">
      <UniqueIdentifier>{52daad95-d54c-4e43-b21a-fe3eca36769e}</UniqueIdentifier>
    </Filter>
    <Filter Include="Game\Level\TitleLevel">
      <UniqueIdentifier>{661f5a0e-e660-482f-bfb9-1ccbcca0d697}</UniqueIdentifier>
    </Filter>
    <Filter Include="Game\Level\StartLevel">
      <UniqueIdentifier>{4cb1821e-72a2-4323-b9fd-5174f71f01ac}</UniqueIdentifier>
    </Filter>
    <Filter Include="Engine\05. Component\Component">
      <UniqueIdentifier>{cbc2b625-76fe-4c8e-9e3d-bb0fb1f4229e}</UniqueIdentifier>
    </Filter>
    <Filter Include="Engine\03. GameObject">
      <UniqueIdentifier>{5120138a-7e61-4c0b-bb08-b6564455448d}</UniqueIdentifier>
    </Filter>
    <Filter Include="Game\GameObject\Platform">
      <UniqueIdentifier>{1531f9e5-8690-40dc-b86e-5ecc9e549b50}</UniqueIdentifier>
    </Filter>
    <Filter Include="Engine\06. Resource">
      <UniqueIdentifier>{e2181a22-a8ca-43a7-941a-c5af022a002f}</UniqueIdentifier>
    </Filter>
    <Filter Include="Engine\06. Resource\Texture">
      <UniqueIdentifier>{90a823df-7ad9-4750-8317-306018e935a6}</UniqueIdentifier>
    </Filter>
    <Filter Include="Engine\05. Component\Animator\Animation">
      <UniqueIdentifier>{18adbe3b-ca01-4eaa-b0f2-3aca1dc8b127}</UniqueIdentifier>
    </Filter>
    <Filter Include="Engine\00. Header\리소스 파일">
      <UniqueIdentifier>{67DA6AB6-F800-4c08-8B7A-83BB121AAD01}</UniqueIdentifier>
      <Extensions>rc;ico;cur;bmp;dlg;rc2;rct;bin;rgs;gif;jpg;jpeg;jpe;resx;tiff;tif;png;wav;mfcribbon-ms</Extensions>
    </Filter>
    <Filter Include="Engine\04. Level\Editor">
      <UniqueIdentifier>{d7190759-4190-45cd-80a3-59744f684aec}</UniqueIdentifier>
    </Filter>
    <Filter Include="Engine\02. Manager\05. Event\AnimEventManager">
      <UniqueIdentifier>{871ebfc9-b142-426a-b72a-185857cdbde6}</UniqueIdentifier>
    </Filter>
    <Filter Include="Engine\03. GameObject\Tile">
      <UniqueIdentifier>{c5f9c97f-8385-43bb-b4c5-5626304b9bd5}</UniqueIdentifier>
    </Filter>
    <Filter Include="Game\Test">
      <UniqueIdentifier>{1a0163f5-7158-4ec3-b329-5f09bab258a3}</UniqueIdentifier>
    </Filter>
    <Filter Include="Engine\03. GameObject\UI">
      <UniqueIdentifier>{7aeab810-1995-458e-a630-ca3c448c1473}</UniqueIdentifier>
    </Filter>
    <Filter Include="Engine\02. Manager\09. UI">
      <UniqueIdentifier>{ca290ca1-6b3d-41e8-a945-b1c5e7add24e}</UniqueIdentifier>
    </Filter>
    <Filter Include="Engine\03. GameObject\UI\Button">
      <UniqueIdentifier>{c5161b99-2bcf-44e3-9d8b-e177e0e60cac}</UniqueIdentifier>
    </Filter>
    <Filter Include="Engine\03. GameObject\UI\Panel">
      <UniqueIdentifier>{dc518838-b4d3-40db-98e6-4e5f1bfa6e6d}</UniqueIdentifier>
    </Filter>
    <Filter Include="Engine\04. Level\Level">
      <UniqueIdentifier>{39c21d8b-7ef4-4208-8a3b-45f5085d6c2e}</UniqueIdentifier>
    </Filter>
    <Filter Include="Game\Level\CollisionLevel">
      <UniqueIdentifier>{44336f9f-0264-4494-959a-577a0df7ca95}</UniqueIdentifier>
    </Filter>
    <Filter Include="Game\RockMan">
      <UniqueIdentifier>{e86fd8e2-0b68-4813-b2b0-64f91a2a165f}</UniqueIdentifier>
    </Filter>
    <Filter Include="Engine\07. Helper">
      <UniqueIdentifier>{d99dc08f-0b89-401e-81bc-db00071480c7}</UniqueIdentifier>
    </Filter>
    <Filter Include="Game\RockMan\Zero">
      <UniqueIdentifier>{adec179f-109d-4e61-b819-52c257873c3e}</UniqueIdentifier>
    </Filter>
    <Filter Include="Game\RockMan\RockmanObj">
      <UniqueIdentifier>{0599eb70-c3b6-4a6b-aa2e-59a4d8c152f7}</UniqueIdentifier>
    </Filter>
    <Filter Include="Engine\04. Level\Editor\Tile">
      <UniqueIdentifier>{6e22c023-17c0-4f65-b8ca-d515a931c951}</UniqueIdentifier>
    </Filter>
    <Filter Include="Engine\04. Level\Editor\Editor">
      <UniqueIdentifier>{7d4254f5-1f3c-4249-bf17-7bd5cd2b7fc5}</UniqueIdentifier>
    </Filter>
    <Filter Include="Engine\02. Manager\04. Collision\Line">
      <UniqueIdentifier>{9da5dcef-c0cc-421b-802d-279649932c93}</UniqueIdentifier>
    </Filter>
    <Filter Include="Engine\02. Manager\04. Collision\box">
      <UniqueIdentifier>{baccbc37-7ba8-448d-8552-b678f5e3ae4c}</UniqueIdentifier>
    </Filter>
    <Filter Include="Engine\02. Manager\10.MapManager">
      <UniqueIdentifier>{96258cf3-e4ba-4719-bef5-347f271eefac}</UniqueIdentifier>
    </Filter>
    <Filter Include="Game\GameObject\Map">
      <UniqueIdentifier>{c646ee05-6b05-4307-a5fc-7a452a274e78}</UniqueIdentifier>
    </Filter>
    <Filter Include="Engine\04. Level\Editor\Editor\MapEditor">
      <UniqueIdentifier>{5434dffd-6fc3-4cbe-ba00-b5f9969f8d8d}</UniqueIdentifier>
    </Filter>
    <Filter Include="Engine\04. Level\Editor\Editor\Sounds">
      <UniqueIdentifier>{94168878-4215-4801-9297-45fc7c61900a}</UniqueIdentifier>
    </Filter>
    <Filter Include="Engine\05. Component\Collider\Line">
      <UniqueIdentifier>{5df7508f-95c3-4c99-855e-90ca1077f804}</UniqueIdentifier>
    </Filter>
    <Filter Include="Engine\05. Component\Collider\box">
      <UniqueIdentifier>{6f28b22d-cc9f-4c3f-b332-aef853663c09}</UniqueIdentifier>
    </Filter>
    <Filter Include="Game\RockMan\Map">
      <UniqueIdentifier>{35753357-d7e3-4fa1-990b-025c78275da3}</UniqueIdentifier>
    </Filter>
    <Filter Include="Engine\04. Level\Editor\Editor\MapEditor\Collider">
      <UniqueIdentifier>{d20e62f2-3eaa-4c2f-9738-bbe7379a070d}</UniqueIdentifier>
    </Filter>
    <Filter Include="Engine\04. Level\Editor\Editor\MapEditor\Editor">
      <UniqueIdentifier>{5e30196e-7064-4023-a5aa-e923aae496e7}</UniqueIdentifier>
    </Filter>
    <Filter Include="Engine\04. Level\Editor\Editor\MapEditor\Object">
      <UniqueIdentifier>{fbfdbead-fee8-4c5c-8c91-3beae467f6c4}</UniqueIdentifier>
    </Filter>
    <Filter Include="Game\RockMan\Monster">
      <UniqueIdentifier>{2b510898-a719-442b-9ecc-ecfff342bcb5}</UniqueIdentifier>
    </Filter>
    <Filter Include="Game\RockMan\Monster\CyberStage">
      <UniqueIdentifier>{87f38a8d-b10c-4abf-8f33-3c4edadcb772}</UniqueIdentifier>
    </Filter>
    <Filter Include="Game\RockMan\Monster\CyberStage\MIRU">
      <UniqueIdentifier>{ba9ed48d-320d-4120-8d0a-eda9b4b1819a}</UniqueIdentifier>
    </Filter>
    <Filter Include="Game\RockMan\Monster\Monster">
      <UniqueIdentifier>{5adafff9-c208-4e7b-8382-7f144d53bc4e}</UniqueIdentifier>
    </Filter>
  </ItemGroup>
  <ItemGroup>
    <ClInclude Include="framework.h">
      <Filter>Engine\00. Header</Filter>
    </ClInclude>
    <ClInclude Include="GameEngine.h">
      <Filter>Engine\00. Header</Filter>
    </ClInclude>
    <ClInclude Include="Resource.h">
      <Filter>Engine\00. Header</Filter>
    </ClInclude>
    <ClInclude Include="targetver.h">
      <Filter>Engine\00. Header</Filter>
    </ClInclude>
    <ClInclude Include="pch.h">
      <Filter>Engine\00. Header</Filter>
    </ClInclude>
    <ClInclude Include="CEngine.h">
      <Filter>Engine\01. Engine</Filter>
    </ClInclude>
    <ClInclude Include="define.h">
      <Filter>Engine\00. Header</Filter>
    </ClInclude>
    <ClInclude Include="struct.h">
      <Filter>Engine\00. Header</Filter>
    </ClInclude>
    <ClInclude Include="function.h">
      <Filter>Engine\00. Header</Filter>
    </ClInclude>
    <ClInclude Include="CKeyManager.h">
      <Filter>Engine\02. Manager\01. Key</Filter>
    </ClInclude>
    <ClInclude Include="CTimeManager.h">
      <Filter>Engine\02. Manager\02. Time</Filter>
    </ClInclude>
    <ClInclude Include="CLevelManager.h">
      <Filter>Engine\02. Manager\03. Level</Filter>
    </ClInclude>
    <ClInclude Include="CEntity.h">
      <Filter>Engine\00. Header</Filter>
    </ClInclude>
    <ClInclude Include="CGameObject.h">
      <Filter>Engine\03. GameObject</Filter>
    </ClInclude>
    <ClInclude Include="CTitleLevel.h">
      <Filter>Game\Level\TitleLevel</Filter>
    </ClInclude>
    <ClInclude Include="CPlayer.h">
      <Filter>Game\GameObject\Player</Filter>
    </ClInclude>
    <ClInclude Include="CPathManager.h">
      <Filter>Engine\02. Manager\06. Path</Filter>
    </ClInclude>
    <ClInclude Include="CEventManager.h">
      <Filter>Engine\02. Manager\05. Event</Filter>
    </ClInclude>
    <ClInclude Include="CMonster.h">
      <Filter>Game\GameObject\Monster</Filter>
    </ClInclude>
    <ClInclude Include="CCamera.h">
      <Filter>Engine\02. Manager\08. Camera</Filter>
    </ClInclude>
    <ClInclude Include="CMissile.h">
      <Filter>Game\GameObject\Missile</Filter>
    </ClInclude>
    <ClInclude Include="CResource.h">
      <Filter>Engine\06. Resource</Filter>
    </ClInclude>
    <ClInclude Include="CTexture.h">
      <Filter>Engine\06. Resource\Texture</Filter>
    </ClInclude>
    <ClInclude Include="CResourceManager.h">
      <Filter>Engine\02. Manager\07. Resource</Filter>
    </ClInclude>
    <ClInclude Include="CRigidbody.h">
      <Filter>Engine\05. Component\Rigidbody</Filter>
    </ClInclude>
    <ClInclude Include="CComponent.h">
      <Filter>Engine\05. Component\Component</Filter>
    </ClInclude>
    <ClInclude Include="CPlatform.h">
      <Filter>Game\GameObject\Platform</Filter>
    </ClInclude>
    <ClInclude Include="CStartLevel.h">
      <Filter>Game\Level\StartLevel</Filter>
    </ClInclude>
    <ClInclude Include="CAnimation.h">
      <Filter>Engine\05. Component\Animator\Animation</Filter>
    </ClInclude>
    <ClInclude Include="CAnimator.h">
      <Filter>Engine\05. Component\Animator</Filter>
    </ClInclude>
    <ClInclude Include="CTile.h">
      <Filter>Engine\03. GameObject\Tile</Filter>
    </ClInclude>
    <ClInclude Include="CAnimEnvManager.h">
      <Filter>Engine\02. Manager\05. Event\AnimEventManager</Filter>
    </ClInclude>
    <ClInclude Include="CTest.h">
      <Filter>Game\Test</Filter>
    </ClInclude>
    <ClInclude Include="CUI.h">
      <Filter>Engine\03. GameObject\UI</Filter>
    </ClInclude>
    <ClInclude Include="CUIManager.h">
      <Filter>Engine\02. Manager\09. UI</Filter>
    </ClInclude>
    <ClInclude Include="CButton.h">
      <Filter>Engine\03. GameObject\UI\Button</Filter>
    </ClInclude>
    <ClInclude Include="CPanelUI.h">
      <Filter>Engine\03. GameObject\UI\Panel</Filter>
    </ClInclude>
    <ClInclude Include="CLevel.h">
      <Filter>Engine\04. Level\Level</Filter>
    </ClInclude>
    <ClInclude Include="CCollisionLevel.h">
      <Filter>Game\Level\CollisionLevel</Filter>
    </ClInclude>
    <ClInclude Include="CRenderHelper.h">
      <Filter>Engine\07. Helper</Filter>
    </ClInclude>
    <ClInclude Include="CZero.h">
      <Filter>Game\RockMan\Zero</Filter>
    </ClInclude>
    <ClInclude Include="CRockmanObj.h">
      <Filter>Game\RockMan\RockmanObj</Filter>
    </ClInclude>
    <ClInclude Include="CEditorLevel.h">
      <Filter>Engine\04. Level\Editor\Editor</Filter>
    </ClInclude>
    <ClInclude Include="CCollisionManager.h">
      <Filter>Engine\02. Manager\04. Collision\box</Filter>
    </ClInclude>
    <ClInclude Include="CLineColManager.h">
      <Filter>Engine\02. Manager\04. Collision\Line</Filter>
    </ClInclude>
    <ClInclude Include="CMapManager.h">
      <Filter>Engine\02. Manager\10.MapManager</Filter>
    </ClInclude>
    <ClInclude Include="CMap.h">
      <Filter>Game\GameObject\Map</Filter>
    </ClInclude>
    <ClInclude Include="CRaycast.h">
      <Filter>Engine\05. Component\Collider\Line</Filter>
    </ClInclude>
    <ClInclude Include="CCollider.h">
      <Filter>Engine\05. Component\Collider\box</Filter>
    </ClInclude>
    <ClInclude Include="CLineCollider.h">
      <Filter>Engine\05. Component\Collider\Line</Filter>
    </ClInclude>
    <ClInclude Include="CWall.h">
      <Filter>Game\RockMan\Map</Filter>
    </ClInclude>
    <ClInclude Include="CLine.h">
      <Filter>Game\RockMan\Map</Filter>
    </ClInclude>
    <ClInclude Include="CCollideEdit.h">
      <Filter>Engine\04. Level\Editor\Editor\MapEditor\Collider</Filter>
    </ClInclude>
    <ClInclude Include="CObjectEdit.h">
      <Filter>Engine\04. Level\Editor\Editor\MapEditor\Object</Filter>
    </ClInclude>
    <ClInclude Include="CMiru.h">
      <Filter>Game\RockMan\Monster\CyberStage\MIRU</Filter>
    </ClInclude>
    <ClInclude Include="CRockmanMonster.h">
      <Filter>Game\RockMan\Monster\Monster</Filter>
    </ClInclude>
  </ItemGroup>
  <ItemGroup>
    <ResourceCompile Include="GameEngine.rc">
      <Filter>Engine\00. Header\리소스 파일</Filter>
    </ResourceCompile>
  </ItemGroup>
  <ItemGroup>
    <Image Include="small.ico">
      <Filter>Engine\00. Header\리소스 파일</Filter>
    </Image>
    <Image Include="GameEngine.ico">
      <Filter>Engine\00. Header\리소스 파일</Filter>
    </Image>
  </ItemGroup>
  <ItemGroup>
    <ClCompile Include="pch.cpp">
      <Filter>Engine\00. Header</Filter>
    </ClCompile>
    <ClCompile Include="CEngine.cpp">
      <Filter>Engine\01. Engine</Filter>
    </ClCompile>
    <ClCompile Include="CKeyManager.cpp">
      <Filter>Engine\02. Manager\01. Key</Filter>
    </ClCompile>
    <ClCompile Include="CTimeManager.cpp">
      <Filter>Engine\02. Manager\02. Time</Filter>
    </ClCompile>
    <ClCompile Include="CLevelManager.cpp">
      <Filter>Engine\02. Manager\03. Level</Filter>
    </ClCompile>
    <ClCompile Include="CEntity.cpp">
      <Filter>Engine\00. Header</Filter>
    </ClCompile>
    <ClCompile Include="main.cpp" />
    <ClCompile Include="CGameObject.cpp">
      <Filter>Engine\03. GameObject</Filter>
    </ClCompile>
    <ClCompile Include="CTitleLevel.cpp">
      <Filter>Game\Level\TitleLevel</Filter>
    </ClCompile>
    <ClCompile Include="CPlayer.cpp">
      <Filter>Game\GameObject\Player</Filter>
    </ClCompile>
    <ClCompile Include="CPathManager.cpp">
      <Filter>Engine\02. Manager\06. Path</Filter>
    </ClCompile>
    <ClCompile Include="CEventManager.cpp">
      <Filter>Engine\02. Manager\05. Event</Filter>
    </ClCompile>
    <ClCompile Include="CMonster.cpp">
      <Filter>Game\GameObject\Monster</Filter>
    </ClCompile>
    <ClCompile Include="CCamera.cpp">
      <Filter>Engine\02. Manager\08. Camera</Filter>
    </ClCompile>
    <ClCompile Include="CMissile.cpp">
      <Filter>Game\GameObject\Missile</Filter>
    </ClCompile>
    <ClCompile Include="CResource.cpp">
      <Filter>Engine\06. Resource</Filter>
    </ClCompile>
    <ClCompile Include="CTexture.cpp">
      <Filter>Engine\06. Resource\Texture</Filter>
    </ClCompile>
    <ClCompile Include="CResourceManager.cpp">
      <Filter>Engine\02. Manager\07. Resource</Filter>
    </ClCompile>
    <ClCompile Include="CRigidbody.cpp">
      <Filter>Engine\05. Component\Rigidbody</Filter>
    </ClCompile>
    <ClCompile Include="CComponent.cpp">
      <Filter>Engine\05. Component\Component</Filter>
    </ClCompile>
    <ClCompile Include="CPlatform.cpp">
      <Filter>Game\GameObject\Platform</Filter>
    </ClCompile>
    <ClCompile Include="CStartLevel.cpp">
      <Filter>Game\Level\StartLevel</Filter>
    </ClCompile>
    <ClCompile Include="CAnimation.cpp">
      <Filter>Engine\05. Component\Animator\Animation</Filter>
    </ClCompile>
    <ClCompile Include="CAnimator.cpp">
      <Filter>Engine\05. Component\Animator</Filter>
    </ClCompile>
    <ClCompile Include="CTile.cpp">
      <Filter>Engine\03. GameObject\Tile</Filter>
    </ClCompile>
    <ClCompile Include="CAnimEnvManager.cpp">
      <Filter>Engine\02. Manager\05. Event\AnimEventManager</Filter>
    </ClCompile>
    <ClCompile Include="CPlayerEvent.cpp">
      <Filter>Game\GameObject\Player</Filter>
    </ClCompile>
    <ClCompile Include="CTest.cpp">
      <Filter>Game\Test</Filter>
    </ClCompile>
    <ClCompile Include="function.cpp">
      <Filter>Engine\00. Header</Filter>
    </ClCompile>
    <ClCompile Include="CUI.cpp">
      <Filter>Engine\03. GameObject\UI</Filter>
    </ClCompile>
    <ClCompile Include="CUIManager.cpp">
      <Filter>Engine\02. Manager\09. UI</Filter>
    </ClCompile>
    <ClCompile Include="CButton.cpp">
      <Filter>Engine\03. GameObject\UI\Button</Filter>
    </ClCompile>
    <ClCompile Include="CPanelUI.cpp">
      <Filter>Engine\03. GameObject\UI\Panel</Filter>
    </ClCompile>
    <ClCompile Include="CLevel.cpp">
      <Filter>Engine\04. Level\Level</Filter>
    </ClCompile>
    <ClCompile Include="CCollisionLevel.cpp">
      <Filter>Game\Level\CollisionLevel</Filter>
    </ClCompile>
    <ClCompile Include="CRenderHelper.cpp">
      <Filter>Engine\07. Helper</Filter>
    </ClCompile>
    <ClCompile Include="CZero.cpp">
      <Filter>Game\RockMan\Zero</Filter>
    </ClCompile>
    <ClCompile Include="ZeroInit.cpp">
      <Filter>Game\RockMan\Zero</Filter>
    </ClCompile>
    <ClCompile Include="AnimationFileFunc.cpp">
      <Filter>Engine\05. Component\Animator\Animation</Filter>
    </ClCompile>
    <ClCompile Include="CRockmanObj.cpp">
      <Filter>Game\RockMan\RockmanObj</Filter>
    </ClCompile>
    <ClCompile Include="WallLineCollider_SaveLoad.cpp">
      <Filter>Engine\04. Level\Editor\Editor\MapEditor</Filter>
    </ClCompile>
    <ClCompile Include="Tile_SaveLoad.cpp">
      <Filter>Engine\04. Level\Editor\Tile</Filter>
    </ClCompile>
    <ClCompile Include="Tile_Func.cpp">
      <Filter>Engine\04. Level\Editor\Tile</Filter>
    </ClCompile>
    <ClCompile Include="CEditorLevel_init.cpp">
      <Filter>Engine\04. Level\Editor\Editor</Filter>
    </ClCompile>
    <ClCompile Include="CCollisionManager.cpp">
      <Filter>Engine\02. Manager\04. Collision\box</Filter>
    </ClCompile>
    <ClCompile Include="CLineColManager.cpp">
      <Filter>Engine\02. Manager\04. Collision\Line</Filter>
    </ClCompile>
    <ClCompile Include="Line_Func.cpp">
      <Filter>Engine\04. Level\Editor\Editor\MapEditor</Filter>
    </ClCompile>
    <ClCompile Include="CMapManager.cpp">
      <Filter>Engine\02. Manager\10.MapManager</Filter>
    </ClCompile>
    <ClCompile Include="CMap.cpp">
      <Filter>Game\GameObject\Map</Filter>
    </ClCompile>
    <ClCompile Include="CEditorLevel.cpp">
      <Filter>Engine\04. Level\Editor\Editor</Filter>
    </ClCompile>
    <ClCompile Include="ZeroRayEvent.cpp">
      <Filter>Game\RockMan\Zero</Filter>
    </ClCompile>
    <ClCompile Include="CRaycast.cpp">
      <Filter>Engine\05. Component\Collider\Line</Filter>
    </ClCompile>
    <ClCompile Include="CCollider.cpp">
      <Filter>Engine\05. Component\Collider\box</Filter>
    </ClCompile>
    <ClCompile Include="CLineCollider.cpp">
      <Filter>Engine\05. Component\Collider\Line</Filter>
    </ClCompile>
    <ClCompile Include="ZeroBoxEvent.cpp">
      <Filter>Game\RockMan\Zero</Filter>
    </ClCompile>
    <ClCompile Include="ZeroController.cpp">
      <Filter>Game\RockMan\Zero</Filter>
    </ClCompile>
    <ClCompile Include="Box_Func.cpp">
      <Filter>Engine\04. Level\Editor\Editor\MapEditor</Filter>
    </ClCompile>
    <ClCompile Include="CWall.cpp">
      <Filter>Game\RockMan\Map</Filter>
    </ClCompile>
    <ClCompile Include="CLine.cpp">
      <Filter>Game\RockMan\Map</Filter>
    </ClCompile>
    <ClCompile Include="CCollideEdit.cpp">
      <Filter>Engine\04. Level\Editor\Editor\MapEditor\Collider</Filter>
    </ClCompile>
    <ClCompile Include="CObjectEdit.cpp">
      <Filter>Engine\04. Level\Editor\Editor\MapEditor\Object</Filter>
    </ClCompile>
    <ClCompile Include="CMiru.cpp">
      <Filter>Game\RockMan\Monster\CyberStage\MIRU</Filter>
    </ClCompile>
    <ClCompile Include="CRockmanMonster.cpp">
      <Filter>Game\RockMan\Monster\Monster</Filter>
    </ClCompile>
  </ItemGroup>
</Project>